
Microsoft Visual Studio Solution File, Format Version 12.00
# Visual Studio 15
VisualStudioVersion = 15.0.27130.2026
MinimumVisualStudioVersion = 10.0.40219.1
Project("{9A19103F-16F7-4668-BE54-9A1E7A4F7556}") = "Pan.Models", "Pan.Models\Pan.Models.csproj", "{81B9ACAB-642E-47C3-BFDC-AF7A7ED2E327}"
EndProject
Project("{9A19103F-16F7-4668-BE54-9A1E7A4F7556}") = "Pan.Services", "Pan.Services\Pan.Services.csproj", "{C64086DA-00DB-4C89-AE99-8387820E4C75}"
EndProject
Project("{2150E333-8FDC-42A3-9474-1A3956D46DE8}") = "App", "App", "{6DC64106-53A9-4F2C-AD76-4DCEA1F6ABD5}"
EndProject
Project("{9A19103F-16F7-4668-BE54-9A1E7A4F7556}") = "Pan.WebApp", "Pan.WebApp\Pan.WebApp.csproj", "{4E3E8E44-9D55-4D47-8D60-646A7A2A9C37}"
EndProject
Project("{2150E333-8FDC-42A3-9474-1A3956D46DE8}") = "API", "API", "{066410DE-B90F-4041-AEE3-4271B53E7C19}"
EndProject
Project("{9A19103F-16F7-4668-BE54-9A1E7A4F7556}") = "Pan.API", "Pan.API\Pan.API.csproj", "{7E2A0CE2-10B9-4794-A1EF-80A76E1E9ECF}"
EndProject
Project("{2150E333-8FDC-42A3-9474-1A3956D46DE8}") = "Mobile", "Mobile", "{910A20C4-420C-4139-A627-3AFBBFDCD442}"
EndProject
Project("{FAE04EC0-301F-11D3-BF4B-00C04F79EFBC}") = "Pan.Android", "Pan\Pan.Android\Pan.Android.csproj", "{1C5C6938-6F83-474E-A8BB-062C7C25B31B}"
EndProject
Project("{FAE04EC0-301F-11D3-BF4B-00C04F79EFBC}") = "Pan.iOS", "Pan\Pan.iOS\Pan.iOS.csproj", "{67045BCB-7841-459D-BB56-F669577C580F}"
EndProject
Project("{9A19103F-16F7-4668-BE54-9A1E7A4F7556}") = "Pan", "Pan\Pan\Pan.csproj", "{C26015D1-26F3-47D3-9806-AF934CA01FAD}"
EndProject
Project("{9A19103F-16F7-4668-BE54-9A1E7A4F7556}") = "Pan.Database", "Pan.Database\Pan.Database.csproj", "{1005C124-6940-4296-905D-6B861923368D}"
EndProject
Project("{9A19103F-16F7-4668-BE54-9A1E7A4F7556}") = "Pan.QuerySchema", "Pan.QuerySchema\Pan.QuerySchema.csproj", "{AB6E0A1B-2946-4776-AF6B-246A81400A57}"
EndProject
Project("{FAE04EC0-301F-11D3-BF4B-00C04F79EFBC}") = "Pan.WebApp.React", "Pan.WebApp.React\Pan.WebApp.React.csproj", "{0DB68EB1-073B-426E-8AB6-9500DFFD33E9}"
EndProject
Global
	GlobalSection(SolutionConfigurationPlatforms) = preSolution
		Ad-Hoc|Any CPU = Ad-Hoc|Any CPU
		Ad-Hoc|iPhone = Ad-Hoc|iPhone
		Ad-Hoc|iPhoneSimulator = Ad-Hoc|iPhoneSimulator
		AppStore|Any CPU = AppStore|Any CPU
		AppStore|iPhone = AppStore|iPhone
		AppStore|iPhoneSimulator = AppStore|iPhoneSimulator
		Debug|Any CPU = Debug|Any CPU
		Debug|iPhone = Debug|iPhone
		Debug|iPhoneSimulator = Debug|iPhoneSimulator
		Release|Any CPU = Release|Any CPU
		Release|iPhone = Release|iPhone
		Release|iPhoneSimulator = Release|iPhoneSimulator
	EndGlobalSection
	GlobalSection(ProjectConfigurationPlatforms) = postSolution
		{81B9ACAB-642E-47C3-BFDC-AF7A7ED2E327}.Ad-Hoc|Any CPU.ActiveCfg = Debug|Any CPU
		{81B9ACAB-642E-47C3-BFDC-AF7A7ED2E327}.Ad-Hoc|Any CPU.Build.0 = Debug|Any CPU
		{81B9ACAB-642E-47C3-BFDC-AF7A7ED2E327}.Ad-Hoc|iPhone.ActiveCfg = Debug|Any CPU
		{81B9ACAB-642E-47C3-BFDC-AF7A7ED2E327}.Ad-Hoc|iPhone.Build.0 = Debug|Any CPU
		{81B9ACAB-642E-47C3-BFDC-AF7A7ED2E327}.Ad-Hoc|iPhoneSimulator.ActiveCfg = Debug|Any CPU
		{81B9ACAB-642E-47C3-BFDC-AF7A7ED2E327}.Ad-Hoc|iPhoneSimulator.Build.0 = Debug|Any CPU
		{81B9ACAB-642E-47C3-BFDC-AF7A7ED2E327}.AppStore|Any CPU.ActiveCfg = Debug|Any CPU
		{81B9ACAB-642E-47C3-BFDC-AF7A7ED2E327}.AppStore|Any CPU.Build.0 = Debug|Any CPU
		{81B9ACAB-642E-47C3-BFDC-AF7A7ED2E327}.AppStore|iPhone.ActiveCfg = Debug|Any CPU
		{81B9ACAB-642E-47C3-BFDC-AF7A7ED2E327}.AppStore|iPhone.Build.0 = Debug|Any CPU
		{81B9ACAB-642E-47C3-BFDC-AF7A7ED2E327}.AppStore|iPhoneSimulator.ActiveCfg = Debug|Any CPU
		{81B9ACAB-642E-47C3-BFDC-AF7A7ED2E327}.AppStore|iPhoneSimulator.Build.0 = Debug|Any CPU
		{81B9ACAB-642E-47C3-BFDC-AF7A7ED2E327}.Debug|Any CPU.ActiveCfg = Debug|Any CPU
		{81B9ACAB-642E-47C3-BFDC-AF7A7ED2E327}.Debug|Any CPU.Build.0 = Debug|Any CPU
		{81B9ACAB-642E-47C3-BFDC-AF7A7ED2E327}.Debug|iPhone.ActiveCfg = Debug|Any CPU
		{81B9ACAB-642E-47C3-BFDC-AF7A7ED2E327}.Debug|iPhone.Build.0 = Debug|Any CPU
		{81B9ACAB-642E-47C3-BFDC-AF7A7ED2E327}.Debug|iPhoneSimulator.ActiveCfg = Debug|Any CPU
		{81B9ACAB-642E-47C3-BFDC-AF7A7ED2E327}.Debug|iPhoneSimulator.Build.0 = Debug|Any CPU
		{81B9ACAB-642E-47C3-BFDC-AF7A7ED2E327}.Release|Any CPU.ActiveCfg = Release|Any CPU
		{81B9ACAB-642E-47C3-BFDC-AF7A7ED2E327}.Release|Any CPU.Build.0 = Release|Any CPU
		{81B9ACAB-642E-47C3-BFDC-AF7A7ED2E327}.Release|iPhone.ActiveCfg = Release|Any CPU
		{81B9ACAB-642E-47C3-BFDC-AF7A7ED2E327}.Release|iPhone.Build.0 = Release|Any CPU
		{81B9ACAB-642E-47C3-BFDC-AF7A7ED2E327}.Release|iPhoneSimulator.ActiveCfg = Release|Any CPU
		{81B9ACAB-642E-47C3-BFDC-AF7A7ED2E327}.Release|iPhoneSimulator.Build.0 = Release|Any CPU
		{C64086DA-00DB-4C89-AE99-8387820E4C75}.Ad-Hoc|Any CPU.ActiveCfg = Debug|Any CPU
		{C64086DA-00DB-4C89-AE99-8387820E4C75}.Ad-Hoc|Any CPU.Build.0 = Debug|Any CPU
		{C64086DA-00DB-4C89-AE99-8387820E4C75}.Ad-Hoc|iPhone.ActiveCfg = Debug|Any CPU
		{C64086DA-00DB-4C89-AE99-8387820E4C75}.Ad-Hoc|iPhone.Build.0 = Debug|Any CPU
		{C64086DA-00DB-4C89-AE99-8387820E4C75}.Ad-Hoc|iPhoneSimulator.ActiveCfg = Debug|Any CPU
		{C64086DA-00DB-4C89-AE99-8387820E4C75}.Ad-Hoc|iPhoneSimulator.Build.0 = Debug|Any CPU
		{C64086DA-00DB-4C89-AE99-8387820E4C75}.AppStore|Any CPU.ActiveCfg = Debug|Any CPU
		{C64086DA-00DB-4C89-AE99-8387820E4C75}.AppStore|Any CPU.Build.0 = Debug|Any CPU
		{C64086DA-00DB-4C89-AE99-8387820E4C75}.AppStore|iPhone.ActiveCfg = Debug|Any CPU
		{C64086DA-00DB-4C89-AE99-8387820E4C75}.AppStore|iPhone.Build.0 = Debug|Any CPU
		{C64086DA-00DB-4C89-AE99-8387820E4C75}.AppStore|iPhoneSimulator.ActiveCfg = Debug|Any CPU
		{C64086DA-00DB-4C89-AE99-8387820E4C75}.AppStore|iPhoneSimulator.Build.0 = Debug|Any CPU
		{C64086DA-00DB-4C89-AE99-8387820E4C75}.Debug|Any CPU.ActiveCfg = Debug|Any CPU
		{C64086DA-00DB-4C89-AE99-8387820E4C75}.Debug|Any CPU.Build.0 = Debug|Any CPU
		{C64086DA-00DB-4C89-AE99-8387820E4C75}.Debug|iPhone.ActiveCfg = Debug|Any CPU
		{C64086DA-00DB-4C89-AE99-8387820E4C75}.Debug|iPhone.Build.0 = Debug|Any CPU
		{C64086DA-00DB-4C89-AE99-8387820E4C75}.Debug|iPhoneSimulator.ActiveCfg = Debug|Any CPU
		{C64086DA-00DB-4C89-AE99-8387820E4C75}.Debug|iPhoneSimulator.Build.0 = Debug|Any CPU
		{C64086DA-00DB-4C89-AE99-8387820E4C75}.Release|Any CPU.ActiveCfg = Release|Any CPU
		{C64086DA-00DB-4C89-AE99-8387820E4C75}.Release|Any CPU.Build.0 = Release|Any CPU
		{C64086DA-00DB-4C89-AE99-8387820E4C75}.Release|iPhone.ActiveCfg = Release|Any CPU
		{C64086DA-00DB-4C89-AE99-8387820E4C75}.Release|iPhone.Build.0 = Release|Any CPU
		{C64086DA-00DB-4C89-AE99-8387820E4C75}.Release|iPhoneSimulator.ActiveCfg = Release|Any CPU
		{C64086DA-00DB-4C89-AE99-8387820E4C75}.Release|iPhoneSimulator.Build.0 = Release|Any CPU
		{4E3E8E44-9D55-4D47-8D60-646A7A2A9C37}.Ad-Hoc|Any CPU.ActiveCfg = Debug|Any CPU
		{4E3E8E44-9D55-4D47-8D60-646A7A2A9C37}.Ad-Hoc|Any CPU.Build.0 = Debug|Any CPU
		{4E3E8E44-9D55-4D47-8D60-646A7A2A9C37}.Ad-Hoc|iPhone.ActiveCfg = Debug|Any CPU
		{4E3E8E44-9D55-4D47-8D60-646A7A2A9C37}.Ad-Hoc|iPhone.Build.0 = Debug|Any CPU
		{4E3E8E44-9D55-4D47-8D60-646A7A2A9C37}.Ad-Hoc|iPhoneSimulator.ActiveCfg = Debug|Any CPU
		{4E3E8E44-9D55-4D47-8D60-646A7A2A9C37}.Ad-Hoc|iPhoneSimulator.Build.0 = Debug|Any CPU
		{4E3E8E44-9D55-4D47-8D60-646A7A2A9C37}.AppStore|Any CPU.ActiveCfg = Debug|Any CPU
		{4E3E8E44-9D55-4D47-8D60-646A7A2A9C37}.AppStore|Any CPU.Build.0 = Debug|Any CPU
		{4E3E8E44-9D55-4D47-8D60-646A7A2A9C37}.AppStore|iPhone.ActiveCfg = Debug|Any CPU
		{4E3E8E44-9D55-4D47-8D60-646A7A2A9C37}.AppStore|iPhone.Build.0 = Debug|Any CPU
		{4E3E8E44-9D55-4D47-8D60-646A7A2A9C37}.AppStore|iPhoneSimulator.ActiveCfg = Debug|Any CPU
		{4E3E8E44-9D55-4D47-8D60-646A7A2A9C37}.AppStore|iPhoneSimulator.Build.0 = Debug|Any CPU
		{4E3E8E44-9D55-4D47-8D60-646A7A2A9C37}.Debug|Any CPU.ActiveCfg = Debug|Any CPU
		{4E3E8E44-9D55-4D47-8D60-646A7A2A9C37}.Debug|Any CPU.Build.0 = Debug|Any CPU
		{4E3E8E44-9D55-4D47-8D60-646A7A2A9C37}.Debug|iPhone.ActiveCfg = Debug|Any CPU
		{4E3E8E44-9D55-4D47-8D60-646A7A2A9C37}.Debug|iPhone.Build.0 = Debug|Any CPU
		{4E3E8E44-9D55-4D47-8D60-646A7A2A9C37}.Debug|iPhoneSimulator.ActiveCfg = Debug|Any CPU
		{4E3E8E44-9D55-4D47-8D60-646A7A2A9C37}.Debug|iPhoneSimulator.Build.0 = Debug|Any CPU
		{4E3E8E44-9D55-4D47-8D60-646A7A2A9C37}.Release|Any CPU.ActiveCfg = Release|Any CPU
		{4E3E8E44-9D55-4D47-8D60-646A7A2A9C37}.Release|Any CPU.Build.0 = Release|Any CPU
		{4E3E8E44-9D55-4D47-8D60-646A7A2A9C37}.Release|iPhone.ActiveCfg = Release|Any CPU
		{4E3E8E44-9D55-4D47-8D60-646A7A2A9C37}.Release|iPhone.Build.0 = Release|Any CPU
		{4E3E8E44-9D55-4D47-8D60-646A7A2A9C37}.Release|iPhoneSimulator.ActiveCfg = Release|Any CPU
		{4E3E8E44-9D55-4D47-8D60-646A7A2A9C37}.Release|iPhoneSimulator.Build.0 = Release|Any CPU
		{7E2A0CE2-10B9-4794-A1EF-80A76E1E9ECF}.Ad-Hoc|Any CPU.ActiveCfg = Debug|Any CPU
		{7E2A0CE2-10B9-4794-A1EF-80A76E1E9ECF}.Ad-Hoc|Any CPU.Build.0 = Debug|Any CPU
		{7E2A0CE2-10B9-4794-A1EF-80A76E1E9ECF}.Ad-Hoc|iPhone.ActiveCfg = Debug|Any CPU
		{7E2A0CE2-10B9-4794-A1EF-80A76E1E9ECF}.Ad-Hoc|iPhone.Build.0 = Debug|Any CPU
		{7E2A0CE2-10B9-4794-A1EF-80A76E1E9ECF}.Ad-Hoc|iPhoneSimulator.ActiveCfg = Debug|Any CPU
		{7E2A0CE2-10B9-4794-A1EF-80A76E1E9ECF}.Ad-Hoc|iPhoneSimulator.Build.0 = Debug|Any CPU
		{7E2A0CE2-10B9-4794-A1EF-80A76E1E9ECF}.AppStore|Any CPU.ActiveCfg = Debug|Any CPU
		{7E2A0CE2-10B9-4794-A1EF-80A76E1E9ECF}.AppStore|Any CPU.Build.0 = Debug|Any CPU
		{7E2A0CE2-10B9-4794-A1EF-80A76E1E9ECF}.AppStore|iPhone.ActiveCfg = Debug|Any CPU
		{7E2A0CE2-10B9-4794-A1EF-80A76E1E9ECF}.AppStore|iPhone.Build.0 = Debug|Any CPU
		{7E2A0CE2-10B9-4794-A1EF-80A76E1E9ECF}.AppStore|iPhoneSimulator.ActiveCfg = Debug|Any CPU
		{7E2A0CE2-10B9-4794-A1EF-80A76E1E9ECF}.AppStore|iPhoneSimulator.Build.0 = Debug|Any CPU
		{7E2A0CE2-10B9-4794-A1EF-80A76E1E9ECF}.Debug|Any CPU.ActiveCfg = Debug|Any CPU
		{7E2A0CE2-10B9-4794-A1EF-80A76E1E9ECF}.Debug|Any CPU.Build.0 = Debug|Any CPU
		{7E2A0CE2-10B9-4794-A1EF-80A76E1E9ECF}.Debug|iPhone.ActiveCfg = Debug|Any CPU
		{7E2A0CE2-10B9-4794-A1EF-80A76E1E9ECF}.Debug|iPhone.Build.0 = Debug|Any CPU
		{7E2A0CE2-10B9-4794-A1EF-80A76E1E9ECF}.Debug|iPhoneSimulator.ActiveCfg = Debug|Any CPU
		{7E2A0CE2-10B9-4794-A1EF-80A76E1E9ECF}.Debug|iPhoneSimulator.Build.0 = Debug|Any CPU
		{7E2A0CE2-10B9-4794-A1EF-80A76E1E9ECF}.Release|Any CPU.ActiveCfg = Release|Any CPU
		{7E2A0CE2-10B9-4794-A1EF-80A76E1E9ECF}.Release|Any CPU.Build.0 = Release|Any CPU
		{7E2A0CE2-10B9-4794-A1EF-80A76E1E9ECF}.Release|iPhone.ActiveCfg = Release|Any CPU
		{7E2A0CE2-10B9-4794-A1EF-80A76E1E9ECF}.Release|iPhone.Build.0 = Release|Any CPU
		{7E2A0CE2-10B9-4794-A1EF-80A76E1E9ECF}.Release|iPhoneSimulator.ActiveCfg = Release|Any CPU
		{7E2A0CE2-10B9-4794-A1EF-80A76E1E9ECF}.Release|iPhoneSimulator.Build.0 = Release|Any CPU
		{1C5C6938-6F83-474E-A8BB-062C7C25B31B}.Ad-Hoc|Any CPU.ActiveCfg = Release|Any CPU
		{1C5C6938-6F83-474E-A8BB-062C7C25B31B}.Ad-Hoc|Any CPU.Build.0 = Release|Any CPU
		{1C5C6938-6F83-474E-A8BB-062C7C25B31B}.Ad-Hoc|Any CPU.Deploy.0 = Release|Any CPU
		{1C5C6938-6F83-474E-A8BB-062C7C25B31B}.Ad-Hoc|iPhone.ActiveCfg = Release|Any CPU
		{1C5C6938-6F83-474E-A8BB-062C7C25B31B}.Ad-Hoc|iPhone.Build.0 = Release|Any CPU
		{1C5C6938-6F83-474E-A8BB-062C7C25B31B}.Ad-Hoc|iPhone.Deploy.0 = Release|Any CPU
		{1C5C6938-6F83-474E-A8BB-062C7C25B31B}.Ad-Hoc|iPhoneSimulator.ActiveCfg = Release|Any CPU
		{1C5C6938-6F83-474E-A8BB-062C7C25B31B}.Ad-Hoc|iPhoneSimulator.Build.0 = Release|Any CPU
		{1C5C6938-6F83-474E-A8BB-062C7C25B31B}.Ad-Hoc|iPhoneSimulator.Deploy.0 = Release|Any CPU
		{1C5C6938-6F83-474E-A8BB-062C7C25B31B}.AppStore|Any CPU.ActiveCfg = Release|Any CPU
		{1C5C6938-6F83-474E-A8BB-062C7C25B31B}.AppStore|Any CPU.Build.0 = Release|Any CPU
		{1C5C6938-6F83-474E-A8BB-062C7C25B31B}.AppStore|Any CPU.Deploy.0 = Release|Any CPU
		{1C5C6938-6F83-474E-A8BB-062C7C25B31B}.AppStore|iPhone.ActiveCfg = Release|Any CPU
		{1C5C6938-6F83-474E-A8BB-062C7C25B31B}.AppStore|iPhone.Build.0 = Release|Any CPU
		{1C5C6938-6F83-474E-A8BB-062C7C25B31B}.AppStore|iPhone.Deploy.0 = Release|Any CPU
		{1C5C6938-6F83-474E-A8BB-062C7C25B31B}.AppStore|iPhoneSimulator.ActiveCfg = Release|Any CPU
		{1C5C6938-6F83-474E-A8BB-062C7C25B31B}.AppStore|iPhoneSimulator.Build.0 = Release|Any CPU
		{1C5C6938-6F83-474E-A8BB-062C7C25B31B}.AppStore|iPhoneSimulator.Deploy.0 = Release|Any CPU
		{1C5C6938-6F83-474E-A8BB-062C7C25B31B}.Debug|Any CPU.ActiveCfg = Debug|Any CPU
		{1C5C6938-6F83-474E-A8BB-062C7C25B31B}.Debug|Any CPU.Build.0 = Debug|Any CPU
		{1C5C6938-6F83-474E-A8BB-062C7C25B31B}.Debug|Any CPU.Deploy.0 = Debug|Any CPU
		{1C5C6938-6F83-474E-A8BB-062C7C25B31B}.Debug|iPhone.ActiveCfg = Debug|Any CPU
		{1C5C6938-6F83-474E-A8BB-062C7C25B31B}.Debug|iPhone.Build.0 = Debug|Any CPU
		{1C5C6938-6F83-474E-A8BB-062C7C25B31B}.Debug|iPhone.Deploy.0 = Debug|Any CPU
		{1C5C6938-6F83-474E-A8BB-062C7C25B31B}.Debug|iPhoneSimulator.ActiveCfg = Debug|Any CPU
		{1C5C6938-6F83-474E-A8BB-062C7C25B31B}.Debug|iPhoneSimulator.Build.0 = Debug|Any CPU
		{1C5C6938-6F83-474E-A8BB-062C7C25B31B}.Debug|iPhoneSimulator.Deploy.0 = Debug|Any CPU
		{1C5C6938-6F83-474E-A8BB-062C7C25B31B}.Release|Any CPU.ActiveCfg = Release|Any CPU
		{1C5C6938-6F83-474E-A8BB-062C7C25B31B}.Release|Any CPU.Build.0 = Release|Any CPU
		{1C5C6938-6F83-474E-A8BB-062C7C25B31B}.Release|Any CPU.Deploy.0 = Release|Any CPU
		{1C5C6938-6F83-474E-A8BB-062C7C25B31B}.Release|iPhone.ActiveCfg = Release|Any CPU
		{1C5C6938-6F83-474E-A8BB-062C7C25B31B}.Release|iPhone.Build.0 = Release|Any CPU
		{1C5C6938-6F83-474E-A8BB-062C7C25B31B}.Release|iPhone.Deploy.0 = Release|Any CPU
		{1C5C6938-6F83-474E-A8BB-062C7C25B31B}.Release|iPhoneSimulator.ActiveCfg = Release|Any CPU
		{1C5C6938-6F83-474E-A8BB-062C7C25B31B}.Release|iPhoneSimulator.Build.0 = Release|Any CPU
		{1C5C6938-6F83-474E-A8BB-062C7C25B31B}.Release|iPhoneSimulator.Deploy.0 = Release|Any CPU
		{67045BCB-7841-459D-BB56-F669577C580F}.Ad-Hoc|Any CPU.ActiveCfg = Ad-Hoc|iPhone
		{67045BCB-7841-459D-BB56-F669577C580F}.Ad-Hoc|iPhone.ActiveCfg = Ad-Hoc|iPhone
		{67045BCB-7841-459D-BB56-F669577C580F}.Ad-Hoc|iPhone.Build.0 = Ad-Hoc|iPhone
		{67045BCB-7841-459D-BB56-F669577C580F}.Ad-Hoc|iPhoneSimulator.ActiveCfg = Ad-Hoc|iPhoneSimulator
		{67045BCB-7841-459D-BB56-F669577C580F}.Ad-Hoc|iPhoneSimulator.Build.0 = Ad-Hoc|iPhoneSimulator
		{67045BCB-7841-459D-BB56-F669577C580F}.AppStore|Any CPU.ActiveCfg = AppStore|iPhone
		{67045BCB-7841-459D-BB56-F669577C580F}.AppStore|iPhone.ActiveCfg = AppStore|iPhone
		{67045BCB-7841-459D-BB56-F669577C580F}.AppStore|iPhone.Build.0 = AppStore|iPhone
		{67045BCB-7841-459D-BB56-F669577C580F}.AppStore|iPhoneSimulator.ActiveCfg = AppStore|iPhoneSimulator
		{67045BCB-7841-459D-BB56-F669577C580F}.AppStore|iPhoneSimulator.Build.0 = AppStore|iPhoneSimulator
		{67045BCB-7841-459D-BB56-F669577C580F}.Debug|Any CPU.ActiveCfg = Debug|iPhone
		{67045BCB-7841-459D-BB56-F669577C580F}.Debug|iPhone.ActiveCfg = Debug|iPhone
		{67045BCB-7841-459D-BB56-F669577C580F}.Debug|iPhone.Build.0 = Debug|iPhone
		{67045BCB-7841-459D-BB56-F669577C580F}.Debug|iPhoneSimulator.ActiveCfg = Debug|iPhoneSimulator
		{67045BCB-7841-459D-BB56-F669577C580F}.Debug|iPhoneSimulator.Build.0 = Debug|iPhoneSimulator
		{67045BCB-7841-459D-BB56-F669577C580F}.Release|Any CPU.ActiveCfg = Release|iPhone
		{67045BCB-7841-459D-BB56-F669577C580F}.Release|iPhone.ActiveCfg = Release|iPhone
		{67045BCB-7841-459D-BB56-F669577C580F}.Release|iPhone.Build.0 = Release|iPhone
		{67045BCB-7841-459D-BB56-F669577C580F}.Release|iPhoneSimulator.ActiveCfg = Release|iPhoneSimulator
		{67045BCB-7841-459D-BB56-F669577C580F}.Release|iPhoneSimulator.Build.0 = Release|iPhoneSimulator
		{C26015D1-26F3-47D3-9806-AF934CA01FAD}.Ad-Hoc|Any CPU.ActiveCfg = Debug|Any CPU
		{C26015D1-26F3-47D3-9806-AF934CA01FAD}.Ad-Hoc|Any CPU.Build.0 = Debug|Any CPU
		{C26015D1-26F3-47D3-9806-AF934CA01FAD}.Ad-Hoc|iPhone.ActiveCfg = Debug|Any CPU
		{C26015D1-26F3-47D3-9806-AF934CA01FAD}.Ad-Hoc|iPhone.Build.0 = Debug|Any CPU
		{C26015D1-26F3-47D3-9806-AF934CA01FAD}.Ad-Hoc|iPhoneSimulator.ActiveCfg = Debug|Any CPU
		{C26015D1-26F3-47D3-9806-AF934CA01FAD}.Ad-Hoc|iPhoneSimulator.Build.0 = Debug|Any CPU
		{C26015D1-26F3-47D3-9806-AF934CA01FAD}.AppStore|Any CPU.ActiveCfg = Debug|Any CPU
		{C26015D1-26F3-47D3-9806-AF934CA01FAD}.AppStore|Any CPU.Build.0 = Debug|Any CPU
		{C26015D1-26F3-47D3-9806-AF934CA01FAD}.AppStore|iPhone.ActiveCfg = Debug|Any CPU
		{C26015D1-26F3-47D3-9806-AF934CA01FAD}.AppStore|iPhone.Build.0 = Debug|Any CPU
		{C26015D1-26F3-47D3-9806-AF934CA01FAD}.AppStore|iPhoneSimulator.ActiveCfg = Debug|Any CPU
		{C26015D1-26F3-47D3-9806-AF934CA01FAD}.AppStore|iPhoneSimulator.Build.0 = Debug|Any CPU
		{C26015D1-26F3-47D3-9806-AF934CA01FAD}.Debug|Any CPU.ActiveCfg = Debug|Any CPU
		{C26015D1-26F3-47D3-9806-AF934CA01FAD}.Debug|Any CPU.Build.0 = Debug|Any CPU
		{C26015D1-26F3-47D3-9806-AF934CA01FAD}.Debug|iPhone.ActiveCfg = Debug|Any CPU
		{C26015D1-26F3-47D3-9806-AF934CA01FAD}.Debug|iPhone.Build.0 = Debug|Any CPU
		{C26015D1-26F3-47D3-9806-AF934CA01FAD}.Debug|iPhoneSimulator.ActiveCfg = Debug|Any CPU
		{C26015D1-26F3-47D3-9806-AF934CA01FAD}.Debug|iPhoneSimulator.Build.0 = Debug|Any CPU
		{C26015D1-26F3-47D3-9806-AF934CA01FAD}.Release|Any CPU.ActiveCfg = Release|Any CPU
		{C26015D1-26F3-47D3-9806-AF934CA01FAD}.Release|Any CPU.Build.0 = Release|Any CPU
		{C26015D1-26F3-47D3-9806-AF934CA01FAD}.Release|iPhone.ActiveCfg = Release|Any CPU
		{C26015D1-26F3-47D3-9806-AF934CA01FAD}.Release|iPhone.Build.0 = Release|Any CPU
		{C26015D1-26F3-47D3-9806-AF934CA01FAD}.Release|iPhoneSimulator.ActiveCfg = Release|Any CPU
		{C26015D1-26F3-47D3-9806-AF934CA01FAD}.Release|iPhoneSimulator.Build.0 = Release|Any CPU
		{1005C124-6940-4296-905D-6B861923368D}.Ad-Hoc|Any CPU.ActiveCfg = Debug|Any CPU
		{1005C124-6940-4296-905D-6B861923368D}.Ad-Hoc|Any CPU.Build.0 = Debug|Any CPU
		{1005C124-6940-4296-905D-6B861923368D}.Ad-Hoc|iPhone.ActiveCfg = Debug|Any CPU
		{1005C124-6940-4296-905D-6B861923368D}.Ad-Hoc|iPhone.Build.0 = Debug|Any CPU
		{1005C124-6940-4296-905D-6B861923368D}.Ad-Hoc|iPhoneSimulator.ActiveCfg = Debug|Any CPU
		{1005C124-6940-4296-905D-6B861923368D}.Ad-Hoc|iPhoneSimulator.Build.0 = Debug|Any CPU
		{1005C124-6940-4296-905D-6B861923368D}.AppStore|Any CPU.ActiveCfg = Debug|Any CPU
		{1005C124-6940-4296-905D-6B861923368D}.AppStore|Any CPU.Build.0 = Debug|Any CPU
		{1005C124-6940-4296-905D-6B861923368D}.AppStore|iPhone.ActiveCfg = Debug|Any CPU
		{1005C124-6940-4296-905D-6B861923368D}.AppStore|iPhone.Build.0 = Debug|Any CPU
		{1005C124-6940-4296-905D-6B861923368D}.AppStore|iPhoneSimulator.ActiveCfg = Debug|Any CPU
		{1005C124-6940-4296-905D-6B861923368D}.AppStore|iPhoneSimulator.Build.0 = Debug|Any CPU
		{1005C124-6940-4296-905D-6B861923368D}.Debug|Any CPU.ActiveCfg = Debug|Any CPU
		{1005C124-6940-4296-905D-6B861923368D}.Debug|Any CPU.Build.0 = Debug|Any CPU
		{1005C124-6940-4296-905D-6B861923368D}.Debug|iPhone.ActiveCfg = Debug|Any CPU
		{1005C124-6940-4296-905D-6B861923368D}.Debug|iPhone.Build.0 = Debug|Any CPU
		{1005C124-6940-4296-905D-6B861923368D}.Debug|iPhoneSimulator.ActiveCfg = Debug|Any CPU
		{1005C124-6940-4296-905D-6B861923368D}.Debug|iPhoneSimulator.Build.0 = Debug|Any CPU
		{1005C124-6940-4296-905D-6B861923368D}.Release|Any CPU.ActiveCfg = Release|Any CPU
		{1005C124-6940-4296-905D-6B861923368D}.Release|Any CPU.Build.0 = Release|Any CPU
		{1005C124-6940-4296-905D-6B861923368D}.Release|iPhone.ActiveCfg = Release|Any CPU
		{1005C124-6940-4296-905D-6B861923368D}.Release|iPhone.Build.0 = Release|Any CPU
		{1005C124-6940-4296-905D-6B861923368D}.Release|iPhoneSimulator.ActiveCfg = Release|Any CPU
		{1005C124-6940-4296-905D-6B861923368D}.Release|iPhoneSimulator.Build.0 = Release|Any CPU
		{AB6E0A1B-2946-4776-AF6B-246A81400A57}.Ad-Hoc|Any CPU.ActiveCfg = Debug|Any CPU
		{AB6E0A1B-2946-4776-AF6B-246A81400A57}.Ad-Hoc|Any CPU.Build.0 = Debug|Any CPU
		{AB6E0A1B-2946-4776-AF6B-246A81400A57}.Ad-Hoc|iPhone.ActiveCfg = Debug|Any CPU
		{AB6E0A1B-2946-4776-AF6B-246A81400A57}.Ad-Hoc|iPhone.Build.0 = Debug|Any CPU
		{AB6E0A1B-2946-4776-AF6B-246A81400A57}.Ad-Hoc|iPhoneSimulator.ActiveCfg = Debug|Any CPU
		{AB6E0A1B-2946-4776-AF6B-246A81400A57}.Ad-Hoc|iPhoneSimulator.Build.0 = Debug|Any CPU
		{AB6E0A1B-2946-4776-AF6B-246A81400A57}.AppStore|Any CPU.ActiveCfg = Debug|Any CPU
		{AB6E0A1B-2946-4776-AF6B-246A81400A57}.AppStore|Any CPU.Build.0 = Debug|Any CPU
		{AB6E0A1B-2946-4776-AF6B-246A81400A57}.AppStore|iPhone.ActiveCfg = Debug|Any CPU
		{AB6E0A1B-2946-4776-AF6B-246A81400A57}.AppStore|iPhone.Build.0 = Debug|Any CPU
		{AB6E0A1B-2946-4776-AF6B-246A81400A57}.AppStore|iPhoneSimulator.ActiveCfg = Debug|Any CPU
		{AB6E0A1B-2946-4776-AF6B-246A81400A57}.AppStore|iPhoneSimulator.Build.0 = Debug|Any CPU
		{AB6E0A1B-2946-4776-AF6B-246A81400A57}.Debug|Any CPU.ActiveCfg = Debug|Any CPU
		{AB6E0A1B-2946-4776-AF6B-246A81400A57}.Debug|Any CPU.Build.0 = Debug|Any CPU
		{AB6E0A1B-2946-4776-AF6B-246A81400A57}.Debug|iPhone.ActiveCfg = Debug|Any CPU
		{AB6E0A1B-2946-4776-AF6B-246A81400A57}.Debug|iPhone.Build.0 = Debug|Any CPU
		{AB6E0A1B-2946-4776-AF6B-246A81400A57}.Debug|iPhoneSimulator.ActiveCfg = Debug|Any CPU
		{AB6E0A1B-2946-4776-AF6B-246A81400A57}.Debug|iPhoneSimulator.Build.0 = Debug|Any CPU
		{AB6E0A1B-2946-4776-AF6B-246A81400A57}.Release|Any CPU.ActiveCfg = Release|Any CPU
		{AB6E0A1B-2946-4776-AF6B-246A81400A57}.Release|Any CPU.Build.0 = Release|Any CPU
		{AB6E0A1B-2946-4776-AF6B-246A81400A57}.Release|iPhone.ActiveCfg = Release|Any CPU
		{AB6E0A1B-2946-4776-AF6B-246A81400A57}.Release|iPhone.Build.0 = Release|Any CPU
		{AB6E0A1B-2946-4776-AF6B-246A81400A57}.Release|iPhoneSimulator.ActiveCfg = Release|Any CPU
		{AB6E0A1B-2946-4776-AF6B-246A81400A57}.Release|iPhoneSimulator.Build.0 = Release|Any CPU
		{0DB68EB1-073B-426E-8AB6-9500DFFD33E9}.Ad-Hoc|Any CPU.ActiveCfg = Debug|Any CPU
		{0DB68EB1-073B-426E-8AB6-9500DFFD33E9}.Ad-Hoc|Any CPU.Build.0 = Debug|Any CPU
		{0DB68EB1-073B-426E-8AB6-9500DFFD33E9}.Ad-Hoc|iPhone.ActiveCfg = Debug|Any CPU
		{0DB68EB1-073B-426E-8AB6-9500DFFD33E9}.Ad-Hoc|iPhone.Build.0 = Debug|Any CPU
		{0DB68EB1-073B-426E-8AB6-9500DFFD33E9}.Ad-Hoc|iPhoneSimulator.ActiveCfg = Debug|Any CPU
		{0DB68EB1-073B-426E-8AB6-9500DFFD33E9}.Ad-Hoc|iPhoneSimulator.Build.0 = Debug|Any CPU
		{0DB68EB1-073B-426E-8AB6-9500DFFD33E9}.AppStore|Any CPU.ActiveCfg = Debug|Any CPU
		{0DB68EB1-073B-426E-8AB6-9500DFFD33E9}.AppStore|Any CPU.Build.0 = Debug|Any CPU
		{0DB68EB1-073B-426E-8AB6-9500DFFD33E9}.AppStore|iPhone.ActiveCfg = Debug|Any CPU
		{0DB68EB1-073B-426E-8AB6-9500DFFD33E9}.AppStore|iPhone.Build.0 = Debug|Any CPU
		{0DB68EB1-073B-426E-8AB6-9500DFFD33E9}.AppStore|iPhoneSimulator.ActiveCfg = Debug|Any CPU
		{0DB68EB1-073B-426E-8AB6-9500DFFD33E9}.AppStore|iPhoneSimulator.Build.0 = Debug|Any CPU
		{0DB68EB1-073B-426E-8AB6-9500DFFD33E9}.Debug|Any CPU.ActiveCfg = Debug|Any CPU
		{0DB68EB1-073B-426E-8AB6-9500DFFD33E9}.Debug|Any CPU.Build.0 = Debug|Any CPU
		{0DB68EB1-073B-426E-8AB6-9500DFFD33E9}.Debug|iPhone.ActiveCfg = Debug|Any CPU
		{0DB68EB1-073B-426E-8AB6-9500DFFD33E9}.Debug|iPhone.Build.0 = Debug|Any CPU
		{0DB68EB1-073B-426E-8AB6-9500DFFD33E9}.Debug|iPhoneSimulator.ActiveCfg = Debug|Any CPU
		{0DB68EB1-073B-426E-8AB6-9500DFFD33E9}.Debug|iPhoneSimulator.Build.0 = Debug|Any CPU
		{0DB68EB1-073B-426E-8AB6-9500DFFD33E9}.Release|Any CPU.ActiveCfg = Release|Any CPU
		{0DB68EB1-073B-426E-8AB6-9500DFFD33E9}.Release|Any CPU.Build.0 = Release|Any CPU
		{0DB68EB1-073B-426E-8AB6-9500DFFD33E9}.Release|iPhone.ActiveCfg = Release|Any CPU
		{0DB68EB1-073B-426E-8AB6-9500DFFD33E9}.Release|iPhone.Build.0 = Release|Any CPU
		{0DB68EB1-073B-426E-8AB6-9500DFFD33E9}.Release|iPhoneSimulator.ActiveCfg = Release|Any CPU
		{0DB68EB1-073B-426E-8AB6-9500DFFD33E9}.Release|iPhoneSimulator.Build.0 = Release|Any CPU
	EndGlobalSection
	GlobalSection(SolutionProperties) = preSolution
		HideSolutionNode = FALSE
	EndGlobalSection
	GlobalSection(NestedProjects) = preSolution
		{4E3E8E44-9D55-4D47-8D60-646A7A2A9C37} = {6DC64106-53A9-4F2C-AD76-4DCEA1F6ABD5}
		{7E2A0CE2-10B9-4794-A1EF-80A76E1E9ECF} = {066410DE-B90F-4041-AEE3-4271B53E7C19}
		{910A20C4-420C-4139-A627-3AFBBFDCD442} = {6DC64106-53A9-4F2C-AD76-4DCEA1F6ABD5}
		{1C5C6938-6F83-474E-A8BB-062C7C25B31B} = {910A20C4-420C-4139-A627-3AFBBFDCD442}
		{67045BCB-7841-459D-BB56-F669577C580F} = {910A20C4-420C-4139-A627-3AFBBFDCD442}
		{C26015D1-26F3-47D3-9806-AF934CA01FAD} = {910A20C4-420C-4139-A627-3AFBBFDCD442}
		{0DB68EB1-073B-426E-8AB6-9500DFFD33E9} = {6DC64106-53A9-4F2C-AD76-4DCEA1F6ABD5}
	EndGlobalSection
	GlobalSection(ExtensibilityGlobals) = postSolution
		SolutionGuid = {6A7D3763-0ED5-4045-AE00-725BDD80B451}
	EndGlobalSection
EndGlobal
